{
  "name": "err4",
  "version": "1.0.4",
  "lockfileVersion": 2,
  "requires": true,
  "packages": {
    "": {
      "name": "err4",
      "version": "1.0.4",
      "license": "MIT",
      "dependencies": {
        "err4": "^1.0.0",
        "standard-http-error": "^2.0.1"
      }
    },
    "node_modules/err4": {
      "version": "1.0.0",
      "resolved": "https://registry.npmjs.org/err4/-/err4-1.0.0.tgz",
      "integrity": "sha512-6H4SwtPzBeSUPNhNVcL0IadcfmnCcD91zyZCCQbEfiogvBTCITlG23xge+lmShDbnQ9ZueNQq9m3HQ9AQY1B+A=="
    },
    "node_modules/standard-error": {
      "version": "1.1.0",
      "resolved": "https://registry.npmjs.org/standard-error/-/standard-error-1.1.0.tgz",
      "integrity": "sha512-4v7qzU7oLJfMI5EltUSHCaaOd65J6S4BqKRWgzMi4EYaE5fvNabPxmAPGdxpGXqrcWjhDGI/H09CIdEuUOUeXg=="
    },
    "node_modules/standard-http-error": {
      "version": "2.0.1",
      "resolved": "https://registry.npmjs.org/standard-http-error/-/standard-http-error-2.0.1.tgz",
      "integrity": "sha512-DX/xPIoyXQTuY6BMZK4Utyi4l3A4vFoafsfqrU6/dO4Oe/59c7PyqPd2IQj9m+ZieDg2K3RL9xOYJsabcD9IUA==",
      "dependencies": {
        "standard-error": ">= 1.1.0 < 2"
      }
    }
  },
  "dependencies": {
    "err4": {
      "version": "1.0.0",
      "resolved": "https://registry.npmjs.org/err4/-/err4-1.0.0.tgz",
      "integrity": "sha512-6H4SwtPzBeSUPNhNVcL0IadcfmnCcD91zyZCCQbEfiogvBTCITlG23xge+lmShDbnQ9ZueNQq9m3HQ9AQY1B+A=="
    },
    "standard-error": {
      "version": "1.1.0",
      "resolved": "https://registry.npmjs.org/standard-error/-/standard-error-1.1.0.tgz",
      "integrity": "sha512-4v7qzU7oLJfMI5EltUSHCaaOd65J6S4BqKRWgzMi4EYaE5fvNabPxmAPGdxpGXqrcWjhDGI/H09CIdEuUOUeXg=="
    },
    "standard-http-error": {
      "version": "2.0.1",
      "resolved": "https://registry.npmjs.org/standard-http-error/-/standard-http-error-2.0.1.tgz",
      "integrity": "sha512-DX/xPIoyXQTuY6BMZK4Utyi4l3A4vFoafsfqrU6/dO4Oe/59c7PyqPd2IQj9m+ZieDg2K3RL9xOYJsabcD9IUA==",
      "requires": {
        "standard-error": ">= 1.1.0 < 2"
      }
    }
  }
}
